
Microsoft Visual Studio Solution File, Format Version 12.00
# Visual Studio Version 17
VisualStudioVersion = 17.7.34031.279
MinimumVisualStudioVersion = 10.0.40219.1
Project("{FAE04EC0-301F-11D3-BF4B-00C04F79EFBC}") = "DikdortgenNesneOlusturma", "DikdortgenNesneOlusturma\DikdortgenNesneOlusturma.csproj", "{1C42124A-B051-4121-BD08-C1A4BDE19AC4}"
EndProject
Global
	GlobalSection(SolutionConfigurationPlatforms) = preSolution
		Debug|Any CPU = Debug|Any CPU
		Release|Any CPU = Release|Any CPU
	EndGlobalSection
	GlobalSection(ProjectConfigurationPlatforms) = postSolution
		{1C42124A-B051-4121-BD08-C1A4BDE19AC4}.Debug|Any CPU.ActiveCfg = Debug|Any CPU
		{1C42124A-B051-4121-BD08-C1A4BDE19AC4}.Debug|Any CPU.Build.0 = Debug|Any CPU
		{1C42124A-B051-4121-BD08-C1A4BDE19AC4}.Release|Any CPU.ActiveCfg = Release|Any CPU
		{1C42124A-B051-4121-BD08-C1A4BDE19AC4}.Release|Any CPU.Build.0 = Release|Any CPU
	EndGlobalSection
	GlobalSection(SolutionProperties) = preSolution
		HideSolutionNode = FALSE
	EndGlobalSection
	GlobalSection(ExtensibilityGlobals) = postSolution
		SolutionGuid = {249F8646-8539-4BAD-B871-1E21121C467D}
	EndGlobalSection
EndGlobal
